
Microsoft Visual Studio Solution File, Format Version 11.00
# Visual Studio 2010
Project("{FAE04EC0-301F-11D3-BF4B-00C04F79EFBC}") = "CFElection", "CFElection\CFElection.csproj", "{02E0892B-ED87-4925-A0E7-C21788878052}"
EndProject
Global
	GlobalSection(SolutionConfigurationPlatforms) = preSolution
		Debug|Any CPU = Debug|Any CPU
		Release|Any CPU = Release|Any CPU
	EndGlobalSection
	GlobalSection(ProjectConfigurationPlatforms) = postSolution
		{02E0892B-ED87-4925-A0E7-C21788878052}.Debug|Any CPU.ActiveCfg = Debug|Any CPU
		{02E0892B-ED87-4925-A0E7-C21788878052}.Debug|Any CPU.Build.0 = Debug|Any CPU
		{02E0892B-ED87-4925-A0E7-C21788878052}.Release|Any CPU.ActiveCfg = Release|Any CPU
		{02E0892B-ED87-4925-A0E7-C21788878052}.Release|Any CPU.Build.0 = Release|Any CPU
	EndGlobalSection
	GlobalSection(SolutionProperties) = preSolution
		HideSolutionNode = FALSE
	EndGlobalSection
	GlobalSection(SubversionScc) = preSolution
		Svn-Managed = True
		Manager = AnkhSVN - Subversion Support for Visual Studio
	EndGlobalSection
EndGlobal
